
Microsoft Visual Studio Solution File, Format Version 12.00
# Visual Studio Version 17
VisualStudioVersion = 17.4.33213.308
MinimumVisualStudioVersion = 10.0.40219.1
Project("{9A19103F-16F7-4668-BE54-9A1E7A4F7556}") = "Calculator", "Calculator\Calculator.csproj", "{52DA6FB7-0D05-4B41-88F8-A010C2762D60}"
EndProject
Project("{9A19103F-16F7-4668-BE54-9A1E7A4F7556}") = "Programs", "Programs\Programs.csproj", "{235AF58D-BAEC-4A1F-A9F5-E5567B0D3687}"
EndProject
Project("{9A19103F-16F7-4668-BE54-9A1E7A4F7556}") = "ClassLibrary1", "ClassLibrary1\ClassLibrary1.csproj", "{EB37296A-A17B-45B7-984E-F05BB0921324}"
EndProject
Global
	GlobalSection(SolutionConfigurationPlatforms) = preSolution
		Debug|Any CPU = Debug|Any CPU
		Release|Any CPU = Release|Any CPU
	EndGlobalSection
	GlobalSection(ProjectConfigurationPlatforms) = postSolution
		{52DA6FB7-0D05-4B41-88F8-A010C2762D60}.Debug|Any CPU.ActiveCfg = Debug|Any CPU
		{52DA6FB7-0D05-4B41-88F8-A010C2762D60}.Debug|Any CPU.Build.0 = Debug|Any CPU
		{52DA6FB7-0D05-4B41-88F8-A010C2762D60}.Release|Any CPU.ActiveCfg = Release|Any CPU
		{52DA6FB7-0D05-4B41-88F8-A010C2762D60}.Release|Any CPU.Build.0 = Release|Any CPU
		{235AF58D-BAEC-4A1F-A9F5-E5567B0D3687}.Debug|Any CPU.ActiveCfg = Debug|Any CPU
		{235AF58D-BAEC-4A1F-A9F5-E5567B0D3687}.Debug|Any CPU.Build.0 = Debug|Any CPU
		{235AF58D-BAEC-4A1F-A9F5-E5567B0D3687}.Release|Any CPU.ActiveCfg = Release|Any CPU
		{235AF58D-BAEC-4A1F-A9F5-E5567B0D3687}.Release|Any CPU.Build.0 = Release|Any CPU
		{EB37296A-A17B-45B7-984E-F05BB0921324}.Debug|Any CPU.ActiveCfg = Debug|Any CPU
		{EB37296A-A17B-45B7-984E-F05BB0921324}.Debug|Any CPU.Build.0 = Debug|Any CPU
		{EB37296A-A17B-45B7-984E-F05BB0921324}.Release|Any CPU.ActiveCfg = Release|Any CPU
		{EB37296A-A17B-45B7-984E-F05BB0921324}.Release|Any CPU.Build.0 = Release|Any CPU
	EndGlobalSection
	GlobalSection(SolutionProperties) = preSolution
		HideSolutionNode = FALSE
	EndGlobalSection
	GlobalSection(ExtensibilityGlobals) = postSolution
		SolutionGuid = {AA41D2DB-B9B0-4BFB-889C-884C22401A27}
	EndGlobalSection
EndGlobal
