
Microsoft Visual Studio Solution File, Format Version 12.00
# Visual Studio Version 17
VisualStudioVersion = 17.4.33213.308
MinimumVisualStudioVersion = 10.0.40219.1
Project("{FAE04EC0-301F-11D3-BF4B-00C04F79EFBC}") = "DelegateEx", "DelegateEx.csproj", "{A3387B07-8403-4224-A8CF-782C53B7811D}"
EndProject
Global
	GlobalSection(SolutionConfigurationPlatforms) = preSolution
		Debug|Any CPU = Debug|Any CPU
		Release|Any CPU = Release|Any CPU
	EndGlobalSection
	GlobalSection(ProjectConfigurationPlatforms) = postSolution
		{A3387B07-8403-4224-A8CF-782C53B7811D}.Debug|Any CPU.ActiveCfg = Debug|Any CPU
		{A3387B07-8403-4224-A8CF-782C53B7811D}.Debug|Any CPU.Build.0 = Debug|Any CPU
		{A3387B07-8403-4224-A8CF-782C53B7811D}.Release|Any CPU.ActiveCfg = Release|Any CPU
		{A3387B07-8403-4224-A8CF-782C53B7811D}.Release|Any CPU.Build.0 = Release|Any CPU
	EndGlobalSection
	GlobalSection(SolutionProperties) = preSolution
		HideSolutionNode = FALSE
	EndGlobalSection
	GlobalSection(ExtensibilityGlobals) = postSolution
		SolutionGuid = {06C56AE4-7546-4D85-A613-333F1373EC9C}
	EndGlobalSection
EndGlobal
